// !$*UTF8*$!
{
	archiveVersion = 1;
	classes = {
	};
	objectVersion = 50;
	objects = {

/* Begin PBXBuildFile section */
		104FEECD22EE7F4F0028A406 /* AppDelegate.swift in Sources */ = {isa = PBXBuildFile; fileRef = 104FEECC22EE7F4F0028A406 /* AppDelegate.swift */; };
		104FEECF22EE7F4F0028A406 /* ViewController.swift in Sources */ = {isa = PBXBuildFile; fileRef = 104FEECE22EE7F4F0028A406 /* ViewController.swift */; };
		104FEED222EE7F4F0028A406 /* Main.storyboard in Resources */ = {isa = PBXBuildFile; fileRef = 104FEED022EE7F4F0028A406 /* Main.storyboard */; };
		104FEED422EE7F510028A406 /* Assets.xcassets in Resources */ = {isa = PBXBuildFile; fileRef = 104FEED322EE7F510028A406 /* Assets.xcassets */; };
		104FEED722EE7F510028A406 /* LaunchScreen.storyboard in Resources */ = {isa = PBXBuildFile; fileRef = 104FEED522EE7F510028A406 /* LaunchScreen.storyboard */; };
		104FEEE222EE7F510028A406 /* c51_coding_challengeTests.swift in Sources */ = {isa = PBXBuildFile; fileRef = 104FEEE122EE7F510028A406 /* c51_coding_challengeTests.swift */; };
/* End PBXBuildFile section */

/* Begin PBXContainerItemProxy section */
		104FEEDE22EE7F510028A406 /* PBXContainerItemProxy */ = {
			isa = PBXContainerItemProxy;
			containerPortal = 104FEEC122EE7F4F0028A406 /* Project object */;
			proxyType = 1;
			remoteGlobalIDString = 104FEEC822EE7F4F0028A406;
			remoteInfo = "c51-coding-challenge";
		};
/* End PBXContainerItemProxy section */

/* Begin PBXFileReference section */
		104FEEC922EE7F4F0028A406 /* c51-coding-challenge.app */ = {isa = PBXFileReference; explicitFileType = wrapper.application; includeInIndex = 0; path = "c51-coding-challenge.app"; sourceTree = BUILT_PRODUCTS_DIR; };
		104FEECC22EE7F4F0028A406 /* AppDelegate.swift */ = {isa = PBXFileReference; lastKnownFileType = sourcecode.swift; path = AppDelegate.swift; sourceTree = "<group>"; };
		104FEECE22EE7F4F0028A406 /* ViewController.swift */ = {isa = PBXFileReference; lastKnownFileType = sourcecode.swift; path = ViewController.swift; sourceTree = "<group>"; };
		104FEED122EE7F4F0028A406 /* Base */ = {isa = PBXFileReference; lastKnownFileType = file.storyboard; name = Base; path = Base.lproj/Main.storyboard; sourceTree = "<group>"; };
		104FEED322EE7F510028A406 /* Assets.xcassets */ = {isa = PBXFileReference; lastKnownFileType = folder.assetcatalog; path = Assets.xcassets; sourceTree = "<group>"; };
		104FEED622EE7F510028A406 /* Base */ = {isa = PBXFileReference; lastKnownFileType = file.storyboard; name = Base; path = Base.lproj/LaunchScreen.storyboard; sourceTree = "<group>"; };
		104FEED822EE7F510028A406 /* Info.plist */ = {isa = PBXFileReference; lastKnownFileType = text.plist.xml; path = Info.plist; sourceTree = "<group>"; };
		104FEEDD22EE7F510028A406 /* c51-coding-challengeTests.xctest */ = {isa = PBXFileReference; explicitFileType = wrapper.cfbundle; includeInIndex = 0; path = "c51-coding-challengeTests.xctest"; sourceTree = BUILT_PRODUCTS_DIR; };
		104FEEE122EE7F510028A406 /* c51_coding_challengeTests.swift */ = {isa = PBXFileReference; lastKnownFileType = sourcecode.swift; path = c51_coding_challengeTests.swift; sourceTree = "<group>"; };
		104FEEE322EE7F510028A406 /* Info.plist */ = {isa = PBXFileReference; lastKnownFileType = text.plist.xml; path = Info.plist; sourceTree = "<group>"; };
/* End PBXFileReference section */

/* Begin PBXFrameworksBuildPhase section */
		104FEEC622EE7F4F0028A406 /* Frameworks */ = {
			isa = PBXFrameworksBuildPhase;
			buildActionMask = 2147483647;
			files = (
			);
			runOnlyForDeploymentPostprocessing = 0;
		};
		104FEEDA22EE7F510028A406 /* Frameworks */ = {
			isa = PBXFrameworksBuildPhase;
			buildActionMask = 2147483647;
			files = (
			);
			runOnlyForDeploymentPostprocessing = 0;
		};
/* End PBXFrameworksBuildPhase section */

/* Begin PBXGroup section */
		104FEEC022EE7F4F0028A406 = {
			isa = PBXGroup;
			children = (
				104FEECB22EE7F4F0028A406 /* c51-coding-challenge */,
				104FEEE022EE7F510028A406 /* c51-coding-challengeTests */,
				104FEECA22EE7F4F0028A406 /* Products */,
			);
			sourceTree = "<group>";
		};
		104FEECA22EE7F4F0028A406 /* Products */ = {
			isa = PBXGroup;
			children = (
				104FEEC922EE7F4F0028A406 /* c51-coding-challenge.app */,
				104FEEDD22EE7F510028A406 /* c51-coding-challengeTests.xctest */,
			);
			name = Products;
			sourceTree = "<group>";
		};
		104FEECB22EE7F4F0028A406 /* c51-coding-challenge */ = {
			isa = PBXGroup;
			children = (
				104FEEEC22EE7FDE0028A406 /* modules */,
				104FEECC22EE7F4F0028A406 /* AppDelegate.swift */,
				104FEECE22EE7F4F0028A406 /* ViewController.swift */,
				104FEED022EE7F4F0028A406 /* Main.storyboard */,
				104FEED322EE7F510028A406 /* Assets.xcassets */,
				104FEED522EE7F510028A406 /* LaunchScreen.storyboard */,
				104FEED822EE7F510028A406 /* Info.plist */,
			);
			path = "c51-coding-challenge";
			sourceTree = "<group>";
		};
		104FEEE022EE7F510028A406 /* c51-coding-challengeTests */ = {
			isa = PBXGroup;
			children = (
				104FEEE122EE7F510028A406 /* c51_coding_challengeTests.swift */,
				104FEEE322EE7F510028A406 /* Info.plist */,
			);
			path = "c51-coding-challengeTests";
			sourceTree = "<group>";
		};
		104FEEEC22EE7FDE0028A406 /* modules */ = {
			isa = PBXGroup;
			children = (
				104FEEEE22EE7FF40028A406 /* gateways */,
				104FEEED22EE7FEC0028A406 /* models */,
			);
			path = modules;
			sourceTree = "<group>";
		};
		104FEEED22EE7FEC0028A406 /* models */ = {
			isa = PBXGroup;
			children = (
			);
			path = models;
			sourceTree = "<group>";
		};
		104FEEEE22EE7FF40028A406 /* gateways */ = {
			isa = PBXGroup;
			children = (
			);
			path = gateways;
			sourceTree = "<group>";
		};
/* End PBXGroup section */

/* Begin PBXNativeTarget section */
		104FEEC822EE7F4F0028A406 /* c51-coding-challenge */ = {
			isa = PBXNativeTarget;
			buildConfigurationList = 104FEEE622EE7F510028A406 /* Build configuration list for PBXNativeTarget "c51-coding-challenge" */;
			buildPhases = (
				104FEEC522EE7F4F0028A406 /* Sources */,
				104FEEC622EE7F4F0028A406 /* Frameworks */,
				104FEEC722EE7F4F0028A406 /* Resources */,
			);
			buildRules = (
			);
			dependencies = (
			);
			name = "c51-coding-challenge";
			productName = "c51-coding-challenge";
			productReference = 104FEEC922EE7F4F0028A406 /* c51-coding-challenge.app */;
			productType = "com.apple.product-type.application";
		};
		104FEEDC22EE7F510028A406 /* c51-coding-challengeTests */ = {
			isa = PBXNativeTarget;
			buildConfigurationList = 104FEEE922EE7F510028A406 /* Build configuration list for PBXNativeTarget "c51-coding-challengeTests" */;
			buildPhases = (
				104FEED922EE7F510028A406 /* Sources */,
				104FEEDA22EE7F510028A406 /* Frameworks */,
				104FEEDB22EE7F510028A406 /* Resources */,
			);
			buildRules = (
			);
			dependencies = (
				104FEEDF22EE7F510028A406 /* PBXTargetDependency */,
			);
			name = "c51-coding-challengeTests";
			productName = "c51-coding-challengeTests";
			productReference = 104FEEDD22EE7F510028A406 /* c51-coding-challengeTests.xctest */;
			productType = "com.apple.product-type.bundle.unit-test";
		};
/* End PBXNativeTarget section */

/* Begin PBXProject section */
		104FEEC122EE7F4F0028A406 /* Project object */ = {
			isa = PBXProject;
			attributes = {
				LastSwiftUpdateCheck = 1030;
				LastUpgradeCheck = 1030;
				ORGANIZATIONNAME = ScottLarose;
				TargetAttributes = {
					104FEEC822EE7F4F0028A406 = {
						CreatedOnToolsVersion = 10.3;
					};
					104FEEDC22EE7F510028A406 = {
						CreatedOnToolsVersion = 10.3;
						TestTargetID = 104FEEC822EE7F4F0028A406;
					};
				};
			};
			buildConfigurationList = 104FEEC422EE7F4F0028A406 /* Build configuration list for PBXProject "c51-coding-challenge" */;
			compatibilityVersion = "Xcode 9.3";
			developmentRegion = en;
			hasScannedForEncodings = 0;
			knownRegions = (
				en,
				Base,
			);
			mainGroup = 104FEEC022EE7F4F0028A406;
			productRefGroup = 104FEECA22EE7F4F0028A406 /* Products */;
			projectDirPath = "";
			projectRoot = "";
			targets = (
				104FEEC822EE7F4F0028A406 /* c51-coding-challenge */,
				104FEEDC22EE7F510028A406 /* c51-coding-challengeTests */,
			);
		};
/* End PBXProject section */

/* Begin PBXResourcesBuildPhase section */
		104FEEC722EE7F4F0028A406 /* Resources */ = {
			isa = PBXResourcesBuildPhase;
			buildActionMask = 2147483647;
			files = (
				104FEED722EE7F510028A406 /* LaunchScreen.storyboard in Resources */,
				104FEED422EE7F510028A406 /* Assets.xcassets in Resources */,
				104FEED222EE7F4F0028A406 /* Main.storyboard in Resources */,
			);
			runOnlyForDeploymentPostprocessing = 0;
		};
		104FEEDB22EE7F510028A406 /* Resources */ = {
			isa = PBXResourcesBuildPhase;
			buildActionMask = 2147483647;
			files = (
			);
			runOnlyForDeploymentPostprocessing = 0;
		};
/* End PBXResourcesBuildPhase section */

/* Begin PBXSourcesBuildPhase section */
		104FEEC522EE7F4F0028A406 /* Sources */ = {
			isa = PBXSourcesBuildPhase;
			buildActionMask = 2147483647;
			files = (
				104FEECF22EE7F4F0028A406 /* ViewController.swift in Sources */,
				104FEECD22EE7F4F0028A406 /* AppDelegate.swift in Sources */,
			);
			runOnlyForDeploymentPostprocessing = 0;
		};
		104FEED922EE7F510028A406 /* Sources */ = {
			isa = PBXSourcesBuildPhase;
			buildActionMask = 2147483647;
			files = (
				104FEEE222EE7F510028A406 /* c51_coding_challengeTests.swift in Sources */,
			);
			runOnlyForDeploymentPostprocessing = 0;
		};
/* End PBXSourcesBuildPhase section */

/* Begin PBXTargetDependency section */
		104FEEDF22EE7F510028A406 /* PBXTargetDependency */ = {
			isa = PBXTargetDependency;
			target = 104FEEC822EE7F4F0028A406 /* c51-coding-challenge */;
			targetProxy = 104FEEDE22EE7F510028A406 /* PBXContainerItemProxy */;
		};
/* End PBXTargetDependency section */

/* Begin PBXVariantGroup section */
		104FEED022EE7F4F0028A406 /* Main.storyboard */ = {
			isa = PBXVariantGroup;
			children = (
				104FEED122EE7F4F0028A406 /* Base */,
			);
			name = Main.storyboard;
			sourceTree = "<group>";
		};
		104FEED522EE7F510028A406 /* LaunchScreen.storyboard */ = {
			isa = PBXVariantGroup;
			children = (
				104FEED622EE7F510028A406 /* Base */,
			);
			name = LaunchScreen.storyboard;
			sourceTree = "<group>";
		};
/* End PBXVariantGroup section */

/* Begin XCBuildConfiguration section */
		104FEEE422EE7F510028A406 /* Debug */ = {
			isa = XCBuildConfiguration;
			buildSettings = {
				ALWAYS_SEARCH_USER_PATHS = NO;
				CLANG_ANALYZER_NONNULL = YES;
				CLANG_ANALYZER_NUMBER_OBJECT_CONVERSION = YES_AGGRESSIVE;
				CLANG_CXX_LANGUAGE_STANDARD = "gnu++14";
				CLANG_CXX_LIBRARY = "libc++";
				CLANG_ENABLE_MODULES = YES;
				CLANG_ENABLE_OBJC_ARC = YES;
				CLANG_ENABLE_OBJC_WEAK = YES;
				CLANG_WARN_BLOCK_CAPTURE_AUTORELEASING = YES;
				CLANG_WARN_BOOL_CONVERSION = YES;
				CLANG_WARN_COMMA = YES;
				CLANG_WARN_CONSTANT_CONVERSION = YES;
				CLANG_WARN_DEPRECATED_OBJC_IMPLEMENTATIONS = YES;
				CLANG_WARN_DIRECT_OBJC_ISA_USAGE = YES_ERROR;
				CLANG_WARN_DOCUMENTATION_COMMENTS = YES;
				CLANG_WARN_EMPTY_BODY = YES;
				CLANG_WARN_ENUM_CONVERSION = YES;
				CLANG_WARN_INFINITE_RECURSION = YES;
				CLANG_WARN_INT_CONVERSION = YES;
				CLANG_WARN_NON_LITERAL_NULL_CONVERSION = YES;
				CLANG_WARN_OBJC_IMPLICIT_RETAIN_SELF = YES;
				CLANG_WARN_OBJC_LITERAL_CONVERSION = YES;
				CLANG_WARN_OBJC_ROOT_CLASS = YES_ERROR;
				CLANG_WARN_RANGE_LOOP_ANALYSIS = YES;
				CLANG_WARN_STRICT_PROTOTYPES = YES;
				CLANG_WARN_SUSPICIOUS_MOVE = YES;
				CLANG_WARN_UNGUARDED_AVAILABILITY = YES_AGGRESSIVE;
				CLANG_WARN_UNREACHABLE_CODE = YES;
				CLANG_WARN__DUPLICATE_METHOD_MATCH = YES;
				CODE_SIGN_IDENTITY = "iPhone Developer";
				COPY_PHASE_STRIP = NO;
				DEBUG_INFORMATION_FORMAT = dwarf;
				ENABLE_STRICT_OBJC_MSGSEND = YES;
				ENABLE_TESTABILITY = YES;
				GCC_C_LANGUAGE_STANDARD = gnu11;
				GCC_DYNAMIC_NO_PIC = NO;
				GCC_NO_COMMON_BLOCKS = YES;
				GCC_OPTIMIZATION_LEVEL = 0;
				GCC_PREPROCESSOR_DEFINITIONS = (
					"DEBUG=1",
					"$(inherited)",
				);
				GCC_WARN_64_TO_32_BIT_CONVERSION = YES;
				GCC_WARN_ABOUT_RETURN_TYPE = YES_ERROR;
				GCC_WARN_UNDECLARED_SELECTOR = YES;
				GCC_WARN_UNINITIALIZED_AUTOS = YES_AGGRESSIVE;
				GCC_WARN_UNUSED_FUNCTION = YES;
				GCC_WARN_UNUSED_VARIABLE = YES;
				IPHONEOS_DEPLOYMENT_TARGET = 12.4;
				MTL_ENABLE_DEBUG_INFO = INCLUDE_SOURCE;
				MTL_FAST_MATH = YES;
				ONLY_ACTIVE_ARCH = YES;
				SDKROOT = iphoneos;
				SWIFT_ACTIVE_COMPILATION_CONDITIONS = DEBUG;
				SWIFT_OPTIMIZATION_LEVEL = "-Onone";
			};
			name = Debug;
		};
		104FEEE522EE7F510028A406 /* Release */ = {
			isa = XCBuildConfiguration;
			buildSettings = {
				ALWAYS_SEARCH_USER_PATHS = NO;
				CLANG_ANALYZER_NONNULL = YES;
				CLANG_ANALYZER_NUMBER_OBJECT_CONVERSION = YES_AGGRESSIVE;
				CLANG_CXX_LANGUAGE_STANDARD = "gnu++14";
				CLANG_CXX_LIBRARY = "libc++";
				CLANG_ENABLE_MODULES = YES;
				CLANG_ENABLE_OBJC_ARC = YES;
				CLANG_ENABLE_OBJC_WEAK = YES;
				CLANG_WARN_BLOCK_CAPTURE_AUTORELEASING = YES;
				CLANG_WARN_BOOL_CONVERSION = YES;
				CLANG_WARN_COMMA = YES;
				CLANG_WARN_CONSTANT_CONVERSION = YES;
				CLANG_WARN_DEPRECATED_OBJC_IMPLEMENTATIONS = YES;
				CLANG_WARN_DIRECT_OBJC_ISA_USAGE = YES_ERROR;
				CLANG_WARN_DOCUMENTATION_COMMENTS = YES;
				CLANG_WARN_EMPTY_BODY = YES;
				CLANG_WARN_ENUM_CONVERSION = YES;
				CLANG_WARN_INFINITE_RECURSION = YES;
				CLANG_WARN_INT_CONVERSION = YES;
				CLANG_WARN_NON_LITERAL_NULL_CONVERSION = YES;
				CLANG_WARN_OBJC_IMPLICIT_RETAIN_SELF = YES;
				CLANG_WARN_OBJC_LITERAL_CONVERSION = YES;
				CLANG_WARN_OBJC_ROOT_CLASS = YES_ERROR;
				CLANG_WARN_RANGE_LOOP_ANALYSIS = YES;
				CLANG_WARN_STRICT_PROTOTYPES = YES;
				CLANG_WARN_SUSPICIOUS_MOVE = YES;
				CLANG_WARN_UNGUARDED_AVAILABILITY = YES_AGGRESSIVE;
				CLANG_WARN_UNREACHABLE_CODE = YES;
				CLANG_WARN__DUPLICATE_METHOD_MATCH = YES;
				CODE_SIGN_IDENTITY = "iPhone Developer";
				COPY_PHASE_STRIP = NO;
				DEBUG_INFORMATION_FORMAT = "dwarf-with-dsym";
				ENABLE_NS_ASSERTIONS = NO;
				ENABLE_STRICT_OBJC_MSGSEND = YES;
				GCC_C_LANGUAGE_STANDARD = gnu11;
				GCC_NO_COMMON_BLOCKS = YES;
				GCC_WARN_64_TO_32_BIT_CONVERSION = YES;
				GCC_WARN_ABOUT_RETURN_TYPE = YES_ERROR;
				GCC_WARN_UNDECLARED_SELECTOR = YES;
				GCC_WARN_UNINITIALIZED_AUTOS = YES_AGGRESSIVE;
				GCC_WARN_UNUSED_FUNCTION = YES;
				GCC_WARN_UNUSED_VARIABLE = YES;
				IPHONEOS_DEPLOYMENT_TARGET = 12.4;
				MTL_ENABLE_DEBUG_INFO = NO;
				MTL_FAST_MATH = YES;
				SDKROOT = iphoneos;
				SWIFT_COMPILATION_MODE = wholemodule;
				SWIFT_OPTIMIZATION_LEVEL = "-O";
				VALIDATE_PRODUCT = YES;
			};
			name = Release;
		};
		104FEEE722EE7F510028A406 /* Debug */ = {
			isa = XCBuildConfiguration;
			buildSettings = {
				ASSETCATALOG_COMPILER_APPICON_NAME = AppIcon;
				CODE_SIGN_STYLE = Automatic;
				DEVELOPMENT_TEAM = 6W3V3G54LK;
				INFOPLIST_FILE = "c51-coding-challenge/Info.plist";
				LD_RUNPATH_SEARCH_PATHS = (
					"$(inherited)",
					"@executable_path/Frameworks",
				);
				PRODUCT_BUNDLE_IDENTIFIER = "com.ScottLarose.c51-coding-challenge";
				PRODUCT_NAME = "$(TARGET_NAME)";
				SWIFT_VERSION = 5.0;
				TARGETED_DEVICE_FAMILY = "1,2";
			};
			name = Debug;
		};
		104FEEE822EE7F510028A406 /* Release */ = {
			isa = XCBuildConfiguration;
			buildSettings = {
				ASSETCATALOG_COMPILER_APPICON_NAME = AppIcon;
				CODE_SIGN_STYLE = Automatic;
				DEVELOPMENT_TEAM = 6W3V3G54LK;
				INFOPLIST_FILE = "c51-coding-challenge/Info.plist";
				LD_RUNPATH_SEARCH_PATHS = (
					"$(inherited)",
					"@executable_path/Frameworks",
				);
				PRODUCT_BUNDLE_IDENTIFIER = "com.ScottLarose.c51-coding-challenge";
				PRODUCT_NAME = "$(TARGET_NAME)";
				SWIFT_VERSION = 5.0;
				TARGETED_DEVICE_FAMILY = "1,2";
			};
			name = Release;
		};
		104FEEEA22EE7F510028A406 /* Debug */ = {
			isa = XCBuildConfiguration;
			buildSettings = {
				ALWAYS_EMBED_SWIFT_STANDARD_LIBRARIES = YES;
				BUNDLE_LOADER = "$(TEST_HOST)";
				CODE_SIGN_STYLE = Automatic;
				DEVELOPMENT_TEAM = 6W3V3G54LK;
				INFOPLIST_FILE = "c51-coding-challengeTests/Info.plist";
				LD_RUNPATH_SEARCH_PATHS = (
					"$(inherited)",
					"@executable_path/Frameworks",
					"@loader_path/Frameworks",
				);
				PRODUCT_BUNDLE_IDENTIFIER = "com.ScottLarose.c51-coding-challengeTests";
				PRODUCT_NAME = "$(TARGET_NAME)";
				SWIFT_VERSION = 5.0;
				TARGETED_DEVICE_FAMILY = "1,2";
				TEST_HOST = "$(BUILT_PRODUCTS_DIR)/c51-coding-challenge.app/c51-coding-challenge";
			};
			name = Debug;
		};
		104FEEEB22EE7F510028A406 /* Release */ = {
			isa = XCBuildConfiguration;
			buildSettings = {
				ALWAYS_EMBED_SWIFT_STANDARD_LIBRARIES = YES;
				BUNDLE_LOADER = "$(TEST_HOST)";
				CODE_SIGN_STYLE = Automatic;
				DEVELOPMENT_TEAM = 6W3V3G54LK;
				INFOPLIST_FILE = "c51-coding-challengeTests/Info.plist";
				LD_RUNPATH_SEARCH_PATHS = (
					"$(inherited)",
					"@executable_path/Frameworks",
					"@loader_path/Frameworks",
				);
				PRODUCT_BUNDLE_IDENTIFIER = "com.ScottLarose.c51-coding-challengeTests";
				PRODUCT_NAME = "$(TARGET_NAME)";
				SWIFT_VERSION = 5.0;
				TARGETED_DEVICE_FAMILY = "1,2";
				TEST_HOST = "$(BUILT_PRODUCTS_DIR)/c51-coding-challenge.app/c51-coding-challenge";
			};
			name = Release;
		};
/* End XCBuildConfiguration section */

/* Begin XCConfigurationList section */
		104FEEC422EE7F4F0028A406 /* Build configuration list for PBXProject "c51-coding-challenge" */ = {
			isa = XCConfigurationList;
			buildConfigurations = (
				104FEEE422EE7F510028A406 /* Debug */,
				104FEEE522EE7F510028A406 /* Release */,
			);
			defaultConfigurationIsVisible = 0;
			defaultConfigurationName = Release;
		};
		104FEEE622EE7F510028A406 /* Build configuration list for PBXNativeTarget "c51-coding-challenge" */ = {
			isa = XCConfigurationList;
			buildConfigurations = (
				104FEEE722EE7F510028A406 /* Debug */,
				104FEEE822EE7F510028A406 /* Release */,
			);
			defaultConfigurationIsVisible = 0;
			defaultConfigurationName = Release;
		};
		104FEEE922EE7F510028A406 /* Build configuration list for PBXNativeTarget "c51-coding-challengeTests" */ = {
			isa = XCConfigurationList;
			buildConfigurations = (
				104FEEEA22EE7F510028A406 /* Debug */,
				104FEEEB22EE7F510028A406 /* Release */,
			);
			defaultConfigurationIsVisible = 0;
			defaultConfigurationName = Release;
		};
/* End XCConfigurationList section */
	};
	rootObject = 104FEEC122EE7F4F0028A406 /* Project object */;
}
