// !$*UTF8*$!
{
	archiveVersion = 1;
	classes = {
	};
	objectVersion = 50;
	objects = {

/* Begin PBXBuildFile section */
		104FEECD22EE7F4F0028A406 /* AppDelegate.swift in Sources */ = {isa = PBXBuildFile; fileRef = 104FEECC22EE7F4F0028A406 /* AppDelegate.swift */; };
		104FEECF22EE7F4F0028A406 /* ViewController.swift in Sources */ = {isa = PBXBuildFile; fileRef = 104FEECE22EE7F4F0028A406 /* ViewController.swift */; };
		104FEED222EE7F4F0028A406 /* Main.storyboard in Resources */ = {isa = PBXBuildFile; fileRef = 104FEED022EE7F4F0028A406 /* Main.storyboard */; };
		104FEED422EE7F510028A406 /* Assets.xcassets in Resources */ = {isa = PBXBuildFile; fileRef = 104FEED322EE7F510028A406 /* Assets.xcassets */; };
		104FEED722EE7F510028A406 /* LaunchScreen.storyboard in Resources */ = {isa = PBXBuildFile; fileRef = 104FEED522EE7F510028A406 /* LaunchScreen.storyboard */; };
		104FEEE222EE7F510028A406 /* c51_coding_challengeTests.swift in Sources */ = {isa = PBXBuildFile; fileRef = 104FEEE122EE7F510028A406 /* c51_coding_challengeTests.swift */; };
		104FEEF022EE8B2F0028A406 /* Offer.swift in Sources */ = {isa = PBXBuildFile; fileRef = 104FEEEF22EE8B2F0028A406 /* Offer.swift */; };
		104FEEF322EE91D40028A406 /* Checkout51TableViewController.swift in Sources */ = {isa = PBXBuildFile; fileRef = 104FEEF222EE91D40028A406 /* Checkout51TableViewController.swift */; };
		104FEEF622EE93A20028A406 /* Checkout51TableViewCell.swift in Sources */ = {isa = PBXBuildFile; fileRef = 104FEEF522EE93A20028A406 /* Checkout51TableViewCell.swift */; };
		104FEEF922EE96240028A406 /* OfferItem.swift in Sources */ = {isa = PBXBuildFile; fileRef = 104FEEF822EE96240028A406 /* OfferItem.swift */; };
		104FEEFC22EE9DAE0028A406 /* NetworkService.swift in Sources */ = {isa = PBXBuildFile; fileRef = 104FEEFB22EE9DAE0028A406 /* NetworkService.swift */; };
		104FEEFE22EEAB570028A406 /* NetworkServiceImpl.swift in Sources */ = {isa = PBXBuildFile; fileRef = 104FEEFD22EEAB570028A406 /* NetworkServiceImpl.swift */; };
		104FEF0022EEAFB40028A406 /* CustomError.swift in Sources */ = {isa = PBXBuildFile; fileRef = 104FEEFF22EEAFB40028A406 /* CustomError.swift */; };
		AA3EA49E907E8C7412089B6C /* Pods_c51_coding_challenge.framework in Frameworks */ = {isa = PBXBuildFile; fileRef = B7B9A849CE20E0139E23BA30 /* Pods_c51_coding_challenge.framework */; };
/* End PBXBuildFile section */

/* Begin PBXContainerItemProxy section */
		104FEEDE22EE7F510028A406 /* PBXContainerItemProxy */ = {
			isa = PBXContainerItemProxy;
			containerPortal = 104FEEC122EE7F4F0028A406 /* Project object */;
			proxyType = 1;
			remoteGlobalIDString = 104FEEC822EE7F4F0028A406;
			remoteInfo = "c51-coding-challenge";
		};
/* End PBXContainerItemProxy section */

/* Begin PBXFileReference section */
		104FEEC922EE7F4F0028A406 /* c51-coding-challenge.app */ = {isa = PBXFileReference; explicitFileType = wrapper.application; includeInIndex = 0; path = "c51-coding-challenge.app"; sourceTree = BUILT_PRODUCTS_DIR; };
		104FEECC22EE7F4F0028A406 /* AppDelegate.swift */ = {isa = PBXFileReference; lastKnownFileType = sourcecode.swift; path = AppDelegate.swift; sourceTree = "<group>"; };
		104FEECE22EE7F4F0028A406 /* ViewController.swift */ = {isa = PBXFileReference; lastKnownFileType = sourcecode.swift; path = ViewController.swift; sourceTree = "<group>"; };
		104FEED122EE7F4F0028A406 /* Base */ = {isa = PBXFileReference; lastKnownFileType = file.storyboard; name = Base; path = Base.lproj/Main.storyboard; sourceTree = "<group>"; };
		104FEED322EE7F510028A406 /* Assets.xcassets */ = {isa = PBXFileReference; lastKnownFileType = folder.assetcatalog; path = Assets.xcassets; sourceTree = "<group>"; };
		104FEED622EE7F510028A406 /* Base */ = {isa = PBXFileReference; lastKnownFileType = file.storyboard; name = Base; path = Base.lproj/LaunchScreen.storyboard; sourceTree = "<group>"; };
		104FEED822EE7F510028A406 /* Info.plist */ = {isa = PBXFileReference; lastKnownFileType = text.plist.xml; path = Info.plist; sourceTree = "<group>"; };
		104FEEDD22EE7F510028A406 /* c51-coding-challengeTests.xctest */ = {isa = PBXFileReference; explicitFileType = wrapper.cfbundle; includeInIndex = 0; path = "c51-coding-challengeTests.xctest"; sourceTree = BUILT_PRODUCTS_DIR; };
		104FEEE122EE7F510028A406 /* c51_coding_challengeTests.swift */ = {isa = PBXFileReference; lastKnownFileType = sourcecode.swift; path = c51_coding_challengeTests.swift; sourceTree = "<group>"; };
		104FEEE322EE7F510028A406 /* Info.plist */ = {isa = PBXFileReference; lastKnownFileType = text.plist.xml; path = Info.plist; sourceTree = "<group>"; };
		104FEEEF22EE8B2F0028A406 /* Offer.swift */ = {isa = PBXFileReference; lastKnownFileType = sourcecode.swift; path = Offer.swift; sourceTree = "<group>"; };
		104FEEF222EE91D40028A406 /* Checkout51TableViewController.swift */ = {isa = PBXFileReference; lastKnownFileType = sourcecode.swift; path = Checkout51TableViewController.swift; sourceTree = "<group>"; };
		104FEEF522EE93A20028A406 /* Checkout51TableViewCell.swift */ = {isa = PBXFileReference; lastKnownFileType = sourcecode.swift; path = Checkout51TableViewCell.swift; sourceTree = "<group>"; };
		104FEEF822EE96240028A406 /* OfferItem.swift */ = {isa = PBXFileReference; lastKnownFileType = sourcecode.swift; path = OfferItem.swift; sourceTree = "<group>"; };
		104FEEFB22EE9DAE0028A406 /* NetworkService.swift */ = {isa = PBXFileReference; lastKnownFileType = sourcecode.swift; path = NetworkService.swift; sourceTree = "<group>"; };
		104FEEFD22EEAB570028A406 /* NetworkServiceImpl.swift */ = {isa = PBXFileReference; lastKnownFileType = sourcecode.swift; path = NetworkServiceImpl.swift; sourceTree = "<group>"; };
		104FEEFF22EEAFB40028A406 /* CustomError.swift */ = {isa = PBXFileReference; lastKnownFileType = sourcecode.swift; path = CustomError.swift; sourceTree = "<group>"; };
		88B0AD996BD69F7C052CFC7E /* Pods-c51-coding-challenge.release.xcconfig */ = {isa = PBXFileReference; includeInIndex = 1; lastKnownFileType = text.xcconfig; name = "Pods-c51-coding-challenge.release.xcconfig"; path = "Target Support Files/Pods-c51-coding-challenge/Pods-c51-coding-challenge.release.xcconfig"; sourceTree = "<group>"; };
		B7B9A849CE20E0139E23BA30 /* Pods_c51_coding_challenge.framework */ = {isa = PBXFileReference; explicitFileType = wrapper.framework; includeInIndex = 0; path = Pods_c51_coding_challenge.framework; sourceTree = BUILT_PRODUCTS_DIR; };
		EFAB9CFF62D8626F6F3D6B1F /* Pods-c51-coding-challenge.debug.xcconfig */ = {isa = PBXFileReference; includeInIndex = 1; lastKnownFileType = text.xcconfig; name = "Pods-c51-coding-challenge.debug.xcconfig"; path = "Target Support Files/Pods-c51-coding-challenge/Pods-c51-coding-challenge.debug.xcconfig"; sourceTree = "<group>"; };
/* End PBXFileReference section */

/* Begin PBXFrameworksBuildPhase section */
		104FEEC622EE7F4F0028A406 /* Frameworks */ = {
			isa = PBXFrameworksBuildPhase;
			buildActionMask = 2147483647;
			files = (
				AA3EA49E907E8C7412089B6C /* Pods_c51_coding_challenge.framework in Frameworks */,
			);
			runOnlyForDeploymentPostprocessing = 0;
		};
		104FEEDA22EE7F510028A406 /* Frameworks */ = {
			isa = PBXFrameworksBuildPhase;
			buildActionMask = 2147483647;
			files = (
			);
			runOnlyForDeploymentPostprocessing = 0;
		};
/* End PBXFrameworksBuildPhase section */

/* Begin PBXGroup section */
		104FEEC022EE7F4F0028A406 = {
			isa = PBXGroup;
			children = (
				104FEECB22EE7F4F0028A406 /* c51-coding-challenge */,
				104FEEE022EE7F510028A406 /* c51-coding-challengeTests */,
				104FEECA22EE7F4F0028A406 /* Products */,
				9C215540CB7ECCC5CC2C5AA8 /* Pods */,
				E1B87A465ACE769ECE955ECC /* Frameworks */,
			);
			sourceTree = "<group>";
		};
		104FEECA22EE7F4F0028A406 /* Products */ = {
			isa = PBXGroup;
			children = (
				104FEEC922EE7F4F0028A406 /* c51-coding-challenge.app */,
				104FEEDD22EE7F510028A406 /* c51-coding-challengeTests.xctest */,
			);
			name = Products;
			sourceTree = "<group>";
		};
		104FEECB22EE7F4F0028A406 /* c51-coding-challenge */ = {
			isa = PBXGroup;
			children = (
				104FEEEC22EE7FDE0028A406 /* Modules */,
				104FEECC22EE7F4F0028A406 /* AppDelegate.swift */,
				104FEECE22EE7F4F0028A406 /* ViewController.swift */,
				104FEED022EE7F4F0028A406 /* Main.storyboard */,
				104FEED322EE7F510028A406 /* Assets.xcassets */,
				104FEED522EE7F510028A406 /* LaunchScreen.storyboard */,
				104FEED822EE7F510028A406 /* Info.plist */,
			);
			path = "c51-coding-challenge";
			sourceTree = "<group>";
		};
		104FEEE022EE7F510028A406 /* c51-coding-challengeTests */ = {
			isa = PBXGroup;
			children = (
				104FEEE122EE7F510028A406 /* c51_coding_challengeTests.swift */,
				104FEEE322EE7F510028A406 /* Info.plist */,
			);
			path = "c51-coding-challengeTests";
			sourceTree = "<group>";
		};
		104FEEEC22EE7FDE0028A406 /* Modules */ = {
			isa = PBXGroup;
			children = (
				104FEEFA22EE9D7B0028A406 /* Serivces */,
				104FEEF722EE95A80028A406 /* Presentable Items */,
				104FEEF422EE93130028A406 /* Table Cells */,
				104FEEF122EE91630028A406 /* Controllers */,
				104FEEEE22EE7FF40028A406 /* Gateways */,
				104FEEED22EE7FEC0028A406 /* Models */,
			);
			path = Modules;
			sourceTree = "<group>";
		};
		104FEEED22EE7FEC0028A406 /* Models */ = {
			isa = PBXGroup;
			children = (
				104FEEFF22EEAFB40028A406 /* CustomError.swift */,
				104FEEEF22EE8B2F0028A406 /* Offer.swift */,
			);
			path = Models;
			sourceTree = "<group>";
		};
		104FEEEE22EE7FF40028A406 /* Gateways */ = {
			isa = PBXGroup;
			children = (
			);
			path = Gateways;
			sourceTree = "<group>";
		};
		104FEEF122EE91630028A406 /* Controllers */ = {
			isa = PBXGroup;
			children = (
				104FEEF222EE91D40028A406 /* Checkout51TableViewController.swift */,
			);
			path = Controllers;
			sourceTree = "<group>";
		};
		104FEEF422EE93130028A406 /* Table Cells */ = {
			isa = PBXGroup;
			children = (
				104FEEF522EE93A20028A406 /* Checkout51TableViewCell.swift */,
			);
			path = "Table Cells";
			sourceTree = "<group>";
		};
		104FEEF722EE95A80028A406 /* Presentable Items */ = {
			isa = PBXGroup;
			children = (
				104FEEF822EE96240028A406 /* OfferItem.swift */,
			);
			path = "Presentable Items";
			sourceTree = "<group>";
		};
		104FEEFA22EE9D7B0028A406 /* Serivces */ = {
			isa = PBXGroup;
			children = (
				104FEEFB22EE9DAE0028A406 /* NetworkService.swift */,
				104FEEFD22EEAB570028A406 /* NetworkServiceImpl.swift */,
			);
			path = Serivces;
			sourceTree = "<group>";
		};
		9C215540CB7ECCC5CC2C5AA8 /* Pods */ = {
			isa = PBXGroup;
			children = (
				EFAB9CFF62D8626F6F3D6B1F /* Pods-c51-coding-challenge.debug.xcconfig */,
				88B0AD996BD69F7C052CFC7E /* Pods-c51-coding-challenge.release.xcconfig */,
			);
			name = Pods;
			path = Pods;
			sourceTree = "<group>";
		};
		E1B87A465ACE769ECE955ECC /* Frameworks */ = {
			isa = PBXGroup;
			children = (
				B7B9A849CE20E0139E23BA30 /* Pods_c51_coding_challenge.framework */,
			);
			name = Frameworks;
			sourceTree = "<group>";
		};
/* End PBXGroup section */

/* Begin PBXNativeTarget section */
		104FEEC822EE7F4F0028A406 /* c51-coding-challenge */ = {
			isa = PBXNativeTarget;
			buildConfigurationList = 104FEEE622EE7F510028A406 /* Build configuration list for PBXNativeTarget "c51-coding-challenge" */;
			buildPhases = (
				2CE098BC9243A58E24EDE800 /* [CP] Check Pods Manifest.lock */,
				104FEEC522EE7F4F0028A406 /* Sources */,
				104FEEC622EE7F4F0028A406 /* Frameworks */,
				104FEEC722EE7F4F0028A406 /* Resources */,
				3689C28CDD5B62689F00E5B1 /* [CP] Embed Pods Frameworks */,
			);
			buildRules = (
			);
			dependencies = (
			);
			name = "c51-coding-challenge";
			productName = "c51-coding-challenge";
			productReference = 104FEEC922EE7F4F0028A406 /* c51-coding-challenge.app */;
			productType = "com.apple.product-type.application";
		};
		104FEEDC22EE7F510028A406 /* c51-coding-challengeTests */ = {
			isa = PBXNativeTarget;
			buildConfigurationList = 104FEEE922EE7F510028A406 /* Build configuration list for PBXNativeTarget "c51-coding-challengeTests" */;
			buildPhases = (
				104FEED922EE7F510028A406 /* Sources */,
				104FEEDA22EE7F510028A406 /* Frameworks */,
				104FEEDB22EE7F510028A406 /* Resources */,
			);
			buildRules = (
			);
			dependencies = (
				104FEEDF22EE7F510028A406 /* PBXTargetDependency */,
			);
			name = "c51-coding-challengeTests";
			productName = "c51-coding-challengeTests";
			productReference = 104FEEDD22EE7F510028A406 /* c51-coding-challengeTests.xctest */;
			productType = "com.apple.product-type.bundle.unit-test";
		};
/* End PBXNativeTarget section */

/* Begin PBXProject section */
		104FEEC122EE7F4F0028A406 /* Project object */ = {
			isa = PBXProject;
			attributes = {
				LastSwiftUpdateCheck = 1030;
				LastUpgradeCheck = 1030;
				ORGANIZATIONNAME = ScottLarose;
				TargetAttributes = {
					104FEEC822EE7F4F0028A406 = {
						CreatedOnToolsVersion = 10.3;
					};
					104FEEDC22EE7F510028A406 = {
						CreatedOnToolsVersion = 10.3;
						TestTargetID = 104FEEC822EE7F4F0028A406;
					};
				};
			};
			buildConfigurationList = 104FEEC422EE7F4F0028A406 /* Build configuration list for PBXProject "c51-coding-challenge" */;
			compatibilityVersion = "Xcode 9.3";
			developmentRegion = en;
			hasScannedForEncodings = 0;
			knownRegions = (
				en,
				Base,
			);
			mainGroup = 104FEEC022EE7F4F0028A406;
			productRefGroup = 104FEECA22EE7F4F0028A406 /* Products */;
			projectDirPath = "";
			projectRoot = "";
			targets = (
				104FEEC822EE7F4F0028A406 /* c51-coding-challenge */,
				104FEEDC22EE7F510028A406 /* c51-coding-challengeTests */,
			);
		};
/* End PBXProject section */

/* Begin PBXResourcesBuildPhase section */
		104FEEC722EE7F4F0028A406 /* Resources */ = {
			isa = PBXResourcesBuildPhase;
			buildActionMask = 2147483647;
			files = (
				104FEED722EE7F510028A406 /* LaunchScreen.storyboard in Resources */,
				104FEED422EE7F510028A406 /* Assets.xcassets in Resources */,
				104FEED222EE7F4F0028A406 /* Main.storyboard in Resources */,
			);
			runOnlyForDeploymentPostprocessing = 0;
		};
		104FEEDB22EE7F510028A406 /* Resources */ = {
			isa = PBXResourcesBuildPhase;
			buildActionMask = 2147483647;
			files = (
			);
			runOnlyForDeploymentPostprocessing = 0;
		};
/* End PBXResourcesBuildPhase section */

/* Begin PBXShellScriptBuildPhase section */
		2CE098BC9243A58E24EDE800 /* [CP] Check Pods Manifest.lock */ = {
			isa = PBXShellScriptBuildPhase;
			buildActionMask = 2147483647;
			files = (
			);
			inputFileListPaths = (
			);
			inputPaths = (
				"${PODS_PODFILE_DIR_PATH}/Podfile.lock",
				"${PODS_ROOT}/Manifest.lock",
			);
			name = "[CP] Check Pods Manifest.lock";
			outputFileListPaths = (
			);
			outputPaths = (
				"$(DERIVED_FILE_DIR)/Pods-c51-coding-challenge-checkManifestLockResult.txt",
			);
			runOnlyForDeploymentPostprocessing = 0;
			shellPath = /bin/sh;
			shellScript = "diff \"${PODS_PODFILE_DIR_PATH}/Podfile.lock\" \"${PODS_ROOT}/Manifest.lock\" > /dev/null\nif [ $? != 0 ] ; then\n    # print error to STDERR\n    echo \"error: The sandbox is not in sync with the Podfile.lock. Run 'pod install' or update your CocoaPods installation.\" >&2\n    exit 1\nfi\n# This output is used by Xcode 'outputs' to avoid re-running this script phase.\necho \"SUCCESS\" > \"${SCRIPT_OUTPUT_FILE_0}\"\n";
			showEnvVarsInLog = 0;
		};
		3689C28CDD5B62689F00E5B1 /* [CP] Embed Pods Frameworks */ = {
			isa = PBXShellScriptBuildPhase;
			buildActionMask = 2147483647;
			files = (
			);
			inputFileListPaths = (
				"${PODS_ROOT}/Target Support Files/Pods-c51-coding-challenge/Pods-c51-coding-challenge-frameworks-${CONFIGURATION}-input-files.xcfilelist",
			);
			name = "[CP] Embed Pods Frameworks";
			outputFileListPaths = (
				"${PODS_ROOT}/Target Support Files/Pods-c51-coding-challenge/Pods-c51-coding-challenge-frameworks-${CONFIGURATION}-output-files.xcfilelist",
			);
			runOnlyForDeploymentPostprocessing = 0;
			shellPath = /bin/sh;
			shellScript = "\"${PODS_ROOT}/Target Support Files/Pods-c51-coding-challenge/Pods-c51-coding-challenge-frameworks.sh\"\n";
			showEnvVarsInLog = 0;
		};
/* End PBXShellScriptBuildPhase section */

/* Begin PBXSourcesBuildPhase section */
		104FEEC522EE7F4F0028A406 /* Sources */ = {
			isa = PBXSourcesBuildPhase;
			buildActionMask = 2147483647;
			files = (
				104FEEFE22EEAB570028A406 /* NetworkServiceImpl.swift in Sources */,
				104FEEF022EE8B2F0028A406 /* Offer.swift in Sources */,
				104FEEF622EE93A20028A406 /* Checkout51TableViewCell.swift in Sources */,
				104FEEF322EE91D40028A406 /* Checkout51TableViewController.swift in Sources */,
				104FEEF922EE96240028A406 /* OfferItem.swift in Sources */,
				104FEF0022EEAFB40028A406 /* CustomError.swift in Sources */,
				104FEECF22EE7F4F0028A406 /* ViewController.swift in Sources */,
				104FEECD22EE7F4F0028A406 /* AppDelegate.swift in Sources */,
				104FEEFC22EE9DAE0028A406 /* NetworkService.swift in Sources */,
			);
			runOnlyForDeploymentPostprocessing = 0;
		};
		104FEED922EE7F510028A406 /* Sources */ = {
			isa = PBXSourcesBuildPhase;
			buildActionMask = 2147483647;
			files = (
				104FEEE222EE7F510028A406 /* c51_coding_challengeTests.swift in Sources */,
			);
			runOnlyForDeploymentPostprocessing = 0;
		};
/* End PBXSourcesBuildPhase section */

/* Begin PBXTargetDependency section */
		104FEEDF22EE7F510028A406 /* PBXTargetDependency */ = {
			isa = PBXTargetDependency;
			target = 104FEEC822EE7F4F0028A406 /* c51-coding-challenge */;
			targetProxy = 104FEEDE22EE7F510028A406 /* PBXContainerItemProxy */;
		};
/* End PBXTargetDependency section */

/* Begin PBXVariantGroup section */
		104FEED022EE7F4F0028A406 /* Main.storyboard */ = {
			isa = PBXVariantGroup;
			children = (
				104FEED122EE7F4F0028A406 /* Base */,
			);
			name = Main.storyboard;
			sourceTree = "<group>";
		};
		104FEED522EE7F510028A406 /* LaunchScreen.storyboard */ = {
			isa = PBXVariantGroup;
			children = (
				104FEED622EE7F510028A406 /* Base */,
			);
			name = LaunchScreen.storyboard;
			sourceTree = "<group>";
		};
/* End PBXVariantGroup section */

/* Begin XCBuildConfiguration section */
		104FEEE422EE7F510028A406 /* Debug */ = {
			isa = XCBuildConfiguration;
			buildSettings = {
				ALWAYS_SEARCH_USER_PATHS = NO;
				CLANG_ANALYZER_NONNULL = YES;
				CLANG_ANALYZER_NUMBER_OBJECT_CONVERSION = YES_AGGRESSIVE;
				CLANG_CXX_LANGUAGE_STANDARD = "gnu++14";
				CLANG_CXX_LIBRARY = "libc++";
				CLANG_ENABLE_MODULES = YES;
				CLANG_ENABLE_OBJC_ARC = YES;
				CLANG_ENABLE_OBJC_WEAK = YES;
				CLANG_WARN_BLOCK_CAPTURE_AUTORELEASING = YES;
				CLANG_WARN_BOOL_CONVERSION = YES;
				CLANG_WARN_COMMA = YES;
				CLANG_WARN_CONSTANT_CONVERSION = YES;
				CLANG_WARN_DEPRECATED_OBJC_IMPLEMENTATIONS = YES;
				CLANG_WARN_DIRECT_OBJC_ISA_USAGE = YES_ERROR;
				CLANG_WARN_DOCUMENTATION_COMMENTS = YES;
				CLANG_WARN_EMPTY_BODY = YES;
				CLANG_WARN_ENUM_CONVERSION = YES;
				CLANG_WARN_INFINITE_RECURSION = YES;
				CLANG_WARN_INT_CONVERSION = YES;
				CLANG_WARN_NON_LITERAL_NULL_CONVERSION = YES;
				CLANG_WARN_OBJC_IMPLICIT_RETAIN_SELF = YES;
				CLANG_WARN_OBJC_LITERAL_CONVERSION = YES;
				CLANG_WARN_OBJC_ROOT_CLASS = YES_ERROR;
				CLANG_WARN_RANGE_LOOP_ANALYSIS = YES;
				CLANG_WARN_STRICT_PROTOTYPES = YES;
				CLANG_WARN_SUSPICIOUS_MOVE = YES;
				CLANG_WARN_UNGUARDED_AVAILABILITY = YES_AGGRESSIVE;
				CLANG_WARN_UNREACHABLE_CODE = YES;
				CLANG_WARN__DUPLICATE_METHOD_MATCH = YES;
				CODE_SIGN_IDENTITY = "iPhone Developer";
				COPY_PHASE_STRIP = NO;
				DEBUG_INFORMATION_FORMAT = dwarf;
				ENABLE_STRICT_OBJC_MSGSEND = YES;
				ENABLE_TESTABILITY = YES;
				GCC_C_LANGUAGE_STANDARD = gnu11;
				GCC_DYNAMIC_NO_PIC = NO;
				GCC_NO_COMMON_BLOCKS = YES;
				GCC_OPTIMIZATION_LEVEL = 0;
				GCC_PREPROCESSOR_DEFINITIONS = (
					"DEBUG=1",
					"$(inherited)",
				);
				GCC_WARN_64_TO_32_BIT_CONVERSION = YES;
				GCC_WARN_ABOUT_RETURN_TYPE = YES_ERROR;
				GCC_WARN_UNDECLARED_SELECTOR = YES;
				GCC_WARN_UNINITIALIZED_AUTOS = YES_AGGRESSIVE;
				GCC_WARN_UNUSED_FUNCTION = YES;
				GCC_WARN_UNUSED_VARIABLE = YES;
				IPHONEOS_DEPLOYMENT_TARGET = 12.4;
				MTL_ENABLE_DEBUG_INFO = INCLUDE_SOURCE;
				MTL_FAST_MATH = YES;
				ONLY_ACTIVE_ARCH = YES;
				SDKROOT = iphoneos;
				SWIFT_ACTIVE_COMPILATION_CONDITIONS = DEBUG;
				SWIFT_OPTIMIZATION_LEVEL = "-Onone";
			};
			name = Debug;
		};
		104FEEE522EE7F510028A406 /* Release */ = {
			isa = XCBuildConfiguration;
			buildSettings = {
				ALWAYS_SEARCH_USER_PATHS = NO;
				CLANG_ANALYZER_NONNULL = YES;
				CLANG_ANALYZER_NUMBER_OBJECT_CONVERSION = YES_AGGRESSIVE;
				CLANG_CXX_LANGUAGE_STANDARD = "gnu++14";
				CLANG_CXX_LIBRARY = "libc++";
				CLANG_ENABLE_MODULES = YES;
				CLANG_ENABLE_OBJC_ARC = YES;
				CLANG_ENABLE_OBJC_WEAK = YES;
				CLANG_WARN_BLOCK_CAPTURE_AUTORELEASING = YES;
				CLANG_WARN_BOOL_CONVERSION = YES;
				CLANG_WARN_COMMA = YES;
				CLANG_WARN_CONSTANT_CONVERSION = YES;
				CLANG_WARN_DEPRECATED_OBJC_IMPLEMENTATIONS = YES;
				CLANG_WARN_DIRECT_OBJC_ISA_USAGE = YES_ERROR;
				CLANG_WARN_DOCUMENTATION_COMMENTS = YES;
				CLANG_WARN_EMPTY_BODY = YES;
				CLANG_WARN_ENUM_CONVERSION = YES;
				CLANG_WARN_INFINITE_RECURSION = YES;
				CLANG_WARN_INT_CONVERSION = YES;
				CLANG_WARN_NON_LITERAL_NULL_CONVERSION = YES;
				CLANG_WARN_OBJC_IMPLICIT_RETAIN_SELF = YES;
				CLANG_WARN_OBJC_LITERAL_CONVERSION = YES;
				CLANG_WARN_OBJC_ROOT_CLASS = YES_ERROR;
				CLANG_WARN_RANGE_LOOP_ANALYSIS = YES;
				CLANG_WARN_STRICT_PROTOTYPES = YES;
				CLANG_WARN_SUSPICIOUS_MOVE = YES;
				CLANG_WARN_UNGUARDED_AVAILABILITY = YES_AGGRESSIVE;
				CLANG_WARN_UNREACHABLE_CODE = YES;
				CLANG_WARN__DUPLICATE_METHOD_MATCH = YES;
				CODE_SIGN_IDENTITY = "iPhone Developer";
				COPY_PHASE_STRIP = NO;
				DEBUG_INFORMATION_FORMAT = "dwarf-with-dsym";
				ENABLE_NS_ASSERTIONS = NO;
				ENABLE_STRICT_OBJC_MSGSEND = YES;
				GCC_C_LANGUAGE_STANDARD = gnu11;
				GCC_NO_COMMON_BLOCKS = YES;
				GCC_WARN_64_TO_32_BIT_CONVERSION = YES;
				GCC_WARN_ABOUT_RETURN_TYPE = YES_ERROR;
				GCC_WARN_UNDECLARED_SELECTOR = YES;
				GCC_WARN_UNINITIALIZED_AUTOS = YES_AGGRESSIVE;
				GCC_WARN_UNUSED_FUNCTION = YES;
				GCC_WARN_UNUSED_VARIABLE = YES;
				IPHONEOS_DEPLOYMENT_TARGET = 12.4;
				MTL_ENABLE_DEBUG_INFO = NO;
				MTL_FAST_MATH = YES;
				SDKROOT = iphoneos;
				SWIFT_COMPILATION_MODE = wholemodule;
				SWIFT_OPTIMIZATION_LEVEL = "-O";
				VALIDATE_PRODUCT = YES;
			};
			name = Release;
		};
		104FEEE722EE7F510028A406 /* Debug */ = {
			isa = XCBuildConfiguration;
			baseConfigurationReference = EFAB9CFF62D8626F6F3D6B1F /* Pods-c51-coding-challenge.debug.xcconfig */;
			buildSettings = {
				ASSETCATALOG_COMPILER_APPICON_NAME = AppIcon;
				CODE_SIGN_STYLE = Automatic;
				DEVELOPMENT_TEAM = 6W3V3G54LK;
				INFOPLIST_FILE = "c51-coding-challenge/Info.plist";
				LD_RUNPATH_SEARCH_PATHS = (
					"$(inherited)",
					"@executable_path/Frameworks",
				);
				PRODUCT_BUNDLE_IDENTIFIER = "com.ScottLarose.c51-coding-challenge";
				PRODUCT_NAME = "$(TARGET_NAME)";
				SWIFT_VERSION = 5.0;
				TARGETED_DEVICE_FAMILY = "1,2";
			};
			name = Debug;
		};
		104FEEE822EE7F510028A406 /* Release */ = {
			isa = XCBuildConfiguration;
			baseConfigurationReference = 88B0AD996BD69F7C052CFC7E /* Pods-c51-coding-challenge.release.xcconfig */;
			buildSettings = {
				ASSETCATALOG_COMPILER_APPICON_NAME = AppIcon;
				CODE_SIGN_STYLE = Automatic;
				DEVELOPMENT_TEAM = 6W3V3G54LK;
				INFOPLIST_FILE = "c51-coding-challenge/Info.plist";
				LD_RUNPATH_SEARCH_PATHS = (
					"$(inherited)",
					"@executable_path/Frameworks",
				);
				PRODUCT_BUNDLE_IDENTIFIER = "com.ScottLarose.c51-coding-challenge";
				PRODUCT_NAME = "$(TARGET_NAME)";
				SWIFT_VERSION = 5.0;
				TARGETED_DEVICE_FAMILY = "1,2";
			};
			name = Release;
		};
		104FEEEA22EE7F510028A406 /* Debug */ = {
			isa = XCBuildConfiguration;
			buildSettings = {
				ALWAYS_EMBED_SWIFT_STANDARD_LIBRARIES = YES;
				BUNDLE_LOADER = "$(TEST_HOST)";
				CODE_SIGN_STYLE = Automatic;
				DEVELOPMENT_TEAM = 6W3V3G54LK;
				INFOPLIST_FILE = "c51-coding-challengeTests/Info.plist";
				LD_RUNPATH_SEARCH_PATHS = (
					"$(inherited)",
					"@executable_path/Frameworks",
					"@loader_path/Frameworks",
				);
				PRODUCT_BUNDLE_IDENTIFIER = "com.ScottLarose.c51-coding-challengeTests";
				PRODUCT_NAME = "$(TARGET_NAME)";
				SWIFT_VERSION = 5.0;
				TARGETED_DEVICE_FAMILY = "1,2";
				TEST_HOST = "$(BUILT_PRODUCTS_DIR)/c51-coding-challenge.app/c51-coding-challenge";
			};
			name = Debug;
		};
		104FEEEB22EE7F510028A406 /* Release */ = {
			isa = XCBuildConfiguration;
			buildSettings = {
				ALWAYS_EMBED_SWIFT_STANDARD_LIBRARIES = YES;
				BUNDLE_LOADER = "$(TEST_HOST)";
				CODE_SIGN_STYLE = Automatic;
				DEVELOPMENT_TEAM = 6W3V3G54LK;
				INFOPLIST_FILE = "c51-coding-challengeTests/Info.plist";
				LD_RUNPATH_SEARCH_PATHS = (
					"$(inherited)",
					"@executable_path/Frameworks",
					"@loader_path/Frameworks",
				);
				PRODUCT_BUNDLE_IDENTIFIER = "com.ScottLarose.c51-coding-challengeTests";
				PRODUCT_NAME = "$(TARGET_NAME)";
				SWIFT_VERSION = 5.0;
				TARGETED_DEVICE_FAMILY = "1,2";
				TEST_HOST = "$(BUILT_PRODUCTS_DIR)/c51-coding-challenge.app/c51-coding-challenge";
			};
			name = Release;
		};
/* End XCBuildConfiguration section */

/* Begin XCConfigurationList section */
		104FEEC422EE7F4F0028A406 /* Build configuration list for PBXProject "c51-coding-challenge" */ = {
			isa = XCConfigurationList;
			buildConfigurations = (
				104FEEE422EE7F510028A406 /* Debug */,
				104FEEE522EE7F510028A406 /* Release */,
			);
			defaultConfigurationIsVisible = 0;
			defaultConfigurationName = Release;
		};
		104FEEE622EE7F510028A406 /* Build configuration list for PBXNativeTarget "c51-coding-challenge" */ = {
			isa = XCConfigurationList;
			buildConfigurations = (
				104FEEE722EE7F510028A406 /* Debug */,
				104FEEE822EE7F510028A406 /* Release */,
			);
			defaultConfigurationIsVisible = 0;
			defaultConfigurationName = Release;
		};
		104FEEE922EE7F510028A406 /* Build configuration list for PBXNativeTarget "c51-coding-challengeTests" */ = {
			isa = XCConfigurationList;
			buildConfigurations = (
				104FEEEA22EE7F510028A406 /* Debug */,
				104FEEEB22EE7F510028A406 /* Release */,
			);
			defaultConfigurationIsVisible = 0;
			defaultConfigurationName = Release;
		};
/* End XCConfigurationList section */
	};
	rootObject = 104FEEC122EE7F4F0028A406 /* Project object */;
}
